{
  "version": 4,
  "terraform_version": "1.13.3",
  "serial": 3,
  "lineage": "c01752a9-0b9b-cbfa-0dc9-5d055f58211d",
  "outputs": {
    "ssh_command": {
      "value": "ssh deploy@45.79.187.232",
      "type": "string"
    },
    "vps_id": {
      "value": "90962497",
      "type": "string"
    },
    "vps_ip": {
      "value": "45.79.187.232",
      "type": "string"
    },
    "vps_ipv6": {
      "value": "2600:3c03::2000:f9ff:fe8a:59cc/128",
      "type": "string"
    }
  },
  "resources": [
    {
      "mode": "managed",
      "type": "linode_firewall",
      "name": "wpp_bot",
      "provider": "provider[\"registry.terraform.io/linode/linode\"]",
      "instances": [
        {
          "schema_version": 0,
          "attributes": {
            "created": "2026-02-02T12:37:19Z",
            "devices": [
              {
                "entity_id": 90962497,
                "id": 9806269,
                "label": "wpp-bot-vps",
                "type": "linode",
                "url": "/v4/linode/instances/90962497"
              }
            ],
            "disabled": false,
            "id": "3751996",
            "inbound": [
              {
                "action": "ACCEPT",
                "description": "",
                "ipv4": [
                  "0.0.0.0/0"
                ],
                "ipv6": [
                  "::/0"
                ],
                "label": "allow-ssh",
                "ports": "22",
                "protocol": "TCP"
              },
              {
                "action": "ACCEPT",
                "description": "",
                "ipv4": [
                  "0.0.0.0/0"
                ],
                "ipv6": [
                  "::/0"
                ],
                "label": "allow-http",
                "ports": "80",
                "protocol": "TCP"
              },
              {
                "action": "ACCEPT",
                "description": "",
                "ipv4": [
                  "0.0.0.0/0"
                ],
                "ipv6": [
                  "::/0"
                ],
                "label": "allow-https",
                "ports": "443",
                "protocol": "TCP"
              }
            ],
            "inbound_policy": "DROP",
            "label": "wpp-bot-vps-firewall",
            "linodes": [
              90962497
            ],
            "nodebalancers": [],
            "outbound": [],
            "outbound_policy": "ACCEPT",
            "status": "enabled",
            "tags": [],
            "updated": "2026-02-02T12:37:19Z"
          },
          "sensitive_attributes": [],
          "identity_schema_version": 0,
          "dependencies": [
            "linode_instance.wpp_bot"
          ]
        }
      ]
    },
    {
      "mode": "managed",
      "type": "linode_instance",
      "name": "wpp_bot",
      "provider": "provider[\"registry.terraform.io/linode/linode\"]",
      "instances": [
        {
          "schema_version": 0,
          "attributes": {
            "alerts": [
              {
                "cpu": 90,
                "io": 10000,
                "network_in": 10,
                "network_out": 10,
                "transfer_quota": 80
              }
            ],
            "authorized_keys": [
              "ssh-ed25519 AAAAC3NzaC1lZDI1NTE5AAAAIEGUC93OlTVLb/N41k276ERXtr4eVVTpzy1w8rym+YHG dayamnnovaes@daymannovaes"
            ],
            "authorized_users": null,
            "backup_id": null,
            "backups": [
              {
                "available": false,
                "enabled": false,
                "schedule": [
                  {
                    "day": "",
                    "window": ""
                  }
                ]
              }
            ],
            "backups_enabled": false,
            "boot_config_label": "My Ubuntu 24.04 LTS Disk Profile",
            "booted": true,
            "capabilities": [
              "Block Storage Encryption",
              "Maintenance Policy"
            ],
            "config": [
              {
                "comments": "",
                "devices": [
                  {
                    "sda": [
                      {
                        "disk_id": 172718975,
                        "disk_label": "Ubuntu 24.04 LTS Disk",
                        "volume_id": 0
                      }
                    ],
                    "sdb": [
                      {
                        "disk_id": 172718976,
                        "disk_label": "512 MB Swap Image",
                        "volume_id": 0
                      }
                    ],
                    "sdc": [],
                    "sdd": [],
                    "sde": [],
                    "sdf": [],
                    "sdg": [],
                    "sdh": []
                  }
                ],
                "helpers": [
                  {
                    "devtmpfs_automount": true,
                    "distro": true,
                    "modules_dep": true,
                    "network": true,
                    "updatedb_disabled": true
                  }
                ],
                "id": 94480248,
                "interface": [],
                "kernel": "linode/grub2",
                "label": "My Ubuntu 24.04 LTS Disk Profile",
                "memory_limit": 0,
                "root_device": "/dev/sda",
                "run_level": "default",
                "virt_mode": "paravirt"
              }
            ],
            "disk": [
              {
                "authorized_keys": [],
                "authorized_users": [],
                "filesystem": "ext4",
                "id": 172718975,
                "image": "",
                "label": "Ubuntu 24.04 LTS Disk",
                "read_only": false,
                "root_pass": "",
                "size": 25088,
                "stackscript_data": {},
                "stackscript_id": 0
              },
              {
                "authorized_keys": [],
                "authorized_users": [],
                "filesystem": "swap",
                "id": 172718976,
                "image": "",
                "label": "512 MB Swap Image",
                "read_only": false,
                "root_pass": "",
                "size": 512,
                "stackscript_data": {},
                "stackscript_id": 0
              }
            ],
            "disk_encryption": "enabled",
            "firewall_id": null,
            "group": "",
            "has_user_data": true,
            "host_uuid": "11390c8f98e3d1b0c86e104f8124b07a99072b56",
            "id": "90962497",
            "image": "linode/ubuntu24.04",
            "interface": [],
            "ip_address": "45.79.187.232",
            "ipv4": [
              "45.79.187.232"
            ],
            "ipv6": "2600:3c03::2000:f9ff:fe8a:59cc/128",
            "label": "wpp-bot-vps",
            "lke_cluster_id": 0,
            "metadata": [
              {
                "user_data": "I2Nsb3VkLWNvbmZpZwoKIyBVcGRhdGUgYW5kIGluc3RhbGwgcGFja2FnZXMKcGFja2FnZV91cGRhdGU6IHRydWUKcGFja2FnZV91cGdyYWRlOiB0cnVlCnBhY2thZ2VzOgogIC0gYXB0LXRyYW5zcG9ydC1odHRwcwogIC0gY2EtY2VydGlmaWNhdGVzCiAgLSBjdXJsCiAgLSBnbnVwZwogIC0gbHNiLXJlbGVhc2UKICAtIHVmdwogIC0gZmFpbDJiYW4KICAtIGdpdAoKIyBDcmVhdGUgZGVwbG95IHVzZXIKdXNlcnM6CiAgLSBuYW1lOiBkZXBsb3kKICAgIGdyb3Vwczogc3VkbywgZG9ja2VyCiAgICBzaGVsbDogL2Jpbi9iYXNoCiAgICBzdWRvOiBBTEw9KEFMTCkgTk9QQVNTV0Q6QUxMCiAgICBzc2hfYXV0aG9yaXplZF9rZXlzOgogICAgICAtIHNzaC1lZDI1NTE5IEFBQUFDM056YUMxbFpESTFOVEU1QUFBQUlFR1VDOTNPbFRWTGIvTjQxazI3NkVSWHRyNGVWVlRwenkxdzhyeW0rWUhHIGRheWFtbm5vdmFlc0BkYXltYW5ub3ZhZXMKCiMgV3JpdGUgZmlsZXMKd3JpdGVfZmlsZXM6CiAgLSBwYXRoOiAvZXRjL2ZhaWwyYmFuL2phaWwubG9jYWwKICAgIGNvbnRlbnQ6IHwKICAgICAgW3NzaGRdCiAgICAgIGVuYWJsZWQgPSB0cnVlCiAgICAgIHBvcnQgPSBzc2gKICAgICAgZmlsdGVyID0gc3NoZAogICAgICBsb2dwYXRoID0gL3Zhci9sb2cvYXV0aC5sb2cKICAgICAgbWF4cmV0cnkgPSA1CiAgICAgIGJhbnRpbWUgPSAzNjAwCgojIFJ1biBjb21tYW5kcwpydW5jbWQ6CiAgIyBJbnN0YWxsIERvY2tlcgogIC0gY3VybCAtZnNTTCBodHRwczovL2dldC5kb2NrZXIuY29tIHwgc2gKCiAgIyBBZGQgZGVwbG95IHVzZXIgdG8gZG9ja2VyIGdyb3VwIChpbiBjYXNlIGNsb3VkLWluaXQgZGlkbid0KQogIC0gdXNlcm1vZCAtYUcgZG9ja2VyIGRlcGxveQoKICAjIENvbmZpZ3VyZSBVRlcgZmlyZXdhbGwKICAtIHVmdyBkZWZhdWx0IGRlbnkgaW5jb21pbmcKICAtIHVmdyBkZWZhdWx0IGFsbG93IG91dGdvaW5nCiAgLSB1ZncgYWxsb3cgc3NoCiAgLSB1ZncgYWxsb3cgaHR0cAogIC0gdWZ3IGFsbG93IGh0dHBzCiAgLSB1ZncgLS1mb3JjZSBlbmFibGUKCiAgIyBTdGFydCBmYWlsMmJhbgogIC0gc3lzdGVtY3RsIGVuYWJsZSBmYWlsMmJhbgogIC0gc3lzdGVtY3RsIHN0YXJ0IGZhaWwyYmFuCgogICMgQ2xvbmUgYXBwbGljYXRpb24gcmVwb3NpdG9yeSBhbmQgY3JlYXRlIGRhdGEgZGlyZWN0b3JpZXMKICAtIGdpdCBjbG9uZSBodHRwczovL2dpdGh1Yi5jb20vZGF5bWFubm92YWVzL3dwcC1ib3QuZ2l0IC9vcHQvd3BwLWJvdAogIC0gbWtkaXIgLXAgL29wdC93cHAtYm90L2RhdGEvYXV0aF9pbmZvCiAgLSBta2RpciAtcCAvb3B0L3dwcC1ib3QvZGF0YS9jYWNoZQogIC0gY2hvd24gLVIgZGVwbG95OmRlcGxveSAvb3B0L3dwcC1ib3QKCiAgIyBJbnN0YWxsIERvY2tlciBDb21wb3NlIHBsdWdpbgogIC0gbWtkaXIgLXAgL3Vzci9sb2NhbC9saWIvZG9ja2VyL2NsaS1wbHVnaW5zCiAgLSBjdXJsIC1TTCBodHRwczovL2dpdGh1Yi5jb20vZG9ja2VyL2NvbXBvc2UvcmVsZWFzZXMvbGF0ZXN0L2Rvd25sb2FkL2RvY2tlci1jb21wb3NlLWxpbnV4LXg4Nl82NCAtbyAvdXNyL2xvY2FsL2xpYi9kb2NrZXIvY2xpLXBsdWdpbnMvZG9ja2VyLWNvbXBvc2UKICAtIGNobW9kICt4IC91c3IvbG9jYWwvbGliL2RvY2tlci9jbGktcGx1Z2lucy9kb2NrZXItY29tcG9zZQoKIyBGaW5hbCBtZXNzYWdlCmZpbmFsX21lc3NhZ2U6ICJXUFAtQm90IFZQUyBzZXR1cCBjb21wbGV0ZSBhZnRlciAkVVBUSU1FIHNlY29uZHMiCg=="
              }
            ],
            "migration_type": "cold",
            "placement_group": [],
            "placement_group_externally_managed": null,
            "private_ip": false,
            "private_ip_address": null,
            "region": "us-east",
            "resize_disk": false,
            "root_pass": null,
            "shared_ipv4": [],
            "specs": [
              {
                "accelerated_devices": 0,
                "disk": 25600,
                "gpus": 0,
                "memory": 1024,
                "transfer": 1000,
                "vcpus": 1
              }
            ],
            "stackscript_data": null,
            "stackscript_id": null,
            "status": "running",
            "swap_size": 512,
            "tags": [
              "production",
              "wpp-bot"
            ],
            "timeouts": null,
            "type": "g6-nanode-1",
            "watchdog_enabled": true
          },
          "sensitive_attributes": [
            [
              {
                "type": "get_attr",
                "value": "disk"
              },
              {
                "type": "index",
                "value": {
                  "value": 0,
                  "type": "number"
                }
              },
              {
                "type": "get_attr",
                "value": "root_pass"
              }
            ],
            [
              {
                "type": "get_attr",
                "value": "disk"
              },
              {
                "type": "index",
                "value": {
                  "value": 0,
                  "type": "number"
                }
              },
              {
                "type": "get_attr",
                "value": "stackscript_data"
              }
            ],
            [
              {
                "type": "get_attr",
                "value": "disk"
              },
              {
                "type": "index",
                "value": {
                  "value": 1,
                  "type": "number"
                }
              },
              {
                "type": "get_attr",
                "value": "root_pass"
              }
            ],
            [
              {
                "type": "get_attr",
                "value": "disk"
              },
              {
                "type": "index",
                "value": {
                  "value": 1,
                  "type": "number"
                }
              },
              {
                "type": "get_attr",
                "value": "stackscript_data"
              }
            ],
            [
              {
                "type": "get_attr",
                "value": "root_pass"
              }
            ],
            [
              {
                "type": "get_attr",
                "value": "stackscript_data"
              }
            ]
          ],
          "identity_schema_version": 0,
          "private": "eyJlMmJmYjczMC1lY2FhLTExZTYtOGY4OC0zNDM2M2JjN2M0YzAiOnsiY3JlYXRlIjo5MDAwMDAwMDAwMDAsImRlbGV0ZSI6NjAwMDAwMDAwMDAwLCJ1cGRhdGUiOjM2MDAwMDAwMDAwMDB9fQ=="
        }
      ]
    }
  ],
  "check_results": null
}
